{
  "lockfileVersion": 1,
  "configVersion": 0,
  "workspaces": {
    "": {
      "name": "nextjs",
      "dependencies": {
        "@radix-ui/react-slot": "^1.2.3",
        "class-variance-authority": "^0.7.1",
        "clsx": "^2.1.1",
        "lucide-react": "^0.544.0",
        "next": "^16.3.4",
        "react": "^19.2.1",
        "react-dom": "^19.2.1",
        "tailwind-merge": "^3.3.1",
      },
      "devDependencies": {
        "@tailwindcss/postcss": "^4",
        "@types/node": "^20",
        "@types/react": "^19",
        "@types/react-dom": "^19",
        "tailwindcss": "^4",
        "typescript": "^5",
      },
    },
  },
  "packages": {
    "@alloc/quick-lru": ["@alloc/quick-lru@5.2.0", "", {}, "sha512-UrcABB+4bUrFABwbluTIBErXwvbsU/V7TZWfmbgJfbkwiBuziS9gxdODUyuiecfdGQ85jglMW6juS3+z5TsKLw=="],

    "@emnapi/runtime": ["@emnapi/runtime@1.11.3", "", { "dependencies": { "tslib": "^2.4.0" } }, "sha512-Xz4Tpyki7XyrpbUK1jR1AhdAdaXyhhY4lZ3neLodmhpuWfy2PAQN5B46sAiU4liOXGLkHypn/qU+jvfWSCYYLA=="],

    "@img/colour": ["@img/colour@1.1.0", "", {}, "sha512-Td76q7j57o/tLVdgS746cYARfSyxk8iEfRxewL9h4OMzYhbW4TAcppl0mT4eyqXddh6L/jwoM75mo7ixa/pCeQ=="],

    "@img/sharp-darwin-arm64": ["@img/sharp-darwin-arm64@0.35.4", "", { "optionalDependencies": { "@img/sharp-libvips-darwin-arm64": "1.3.3" }, "os": "darwin", "cpu": "arm64" }, "sha512-Uhfl4V4lhP2nbUVF9+hyH1+luj86f1gUFeo8ALYxFoULoU+G87D43BfeMP8XHsk9boxAnCY/bf2EHwhA7MuGsA=="],

    "@img/sharp-darwin-x64": ["@img/sharp-darwin-x64@0.35.4", "", { "optionalDependencies": { "@img/sharp-libvips-darwin-x64": "1.3.3" }, "os": "darwin", "cpu": "x64" }, "sha512-hWniXY3bG5qKpkKrAwPe4y+VTPmf086YQAnkxWh7uA1YrlRouWGa0M0Mxj3ZjnXFkv7/TD1bTy9lGUK26vRvWw=="],

    "@img/sharp-freebsd-wasm32": ["@img/sharp-freebsd-wasm32@0.35.4", "", { "dependencies": { "@img/sharp-wasm32": "0.35.4" }, "os": "freebsd" }, "sha512-lIsKw/BU+kjB4eZjxrYrZmwOJYi3Ajrv66iAlBmUPyKc3HpnloevB1g3wxGD9P/5BbQ1brBGl65VRRrCvQDEqA=="],

    "@img/sharp-libvips-darwin-arm64": ["@img/sharp-libvips-darwin-arm64@1.3.3", "", { "os": "darwin", "cpu": "arm64" }, "sha512-suTBPTDGrI9WodccaDdwZItTSaBYASlBk1NSfElSHrUfzu3szG6lvIF58+WiFvnfzuK8ZBFS5zE00PxqxnRiPg=="],

    "@img/sharp-libvips-darwin-x64": ["@img/sharp-libvips-darwin-x64@1.3.3", "", { "os": "darwin", "cpu": "x64" }, "sha512-FVJZ5mITMobmXIz/hPDTw0EintTW5H3WfrxwLqEqjiIihlu+hVRyGrFQ60xl0Lxn7Bt3zdpevPaQi0HEzqz9fw=="],

    "@img/sharp-libvips-linux-arm": ["@img/sharp-libvips-linux-arm@1.3.3", "", { "os": "linux", "cpu": "arm" }, "sha512-3rbU4vqXXc3hY/OiXdl52xZvT0F1yEngWfvqudtPJg/KkyiaQw2DRsFrNzpmLvfavbwOq3qXn36GP8obHRULQA=="],

    "@img/sharp-libvips-linux-arm64": ["@img/sharp-libvips-linux-arm64@1.3.3", "", { "os": "linux", "cpu": "arm64" }, "sha512-0DaL0A6Xu6sQSQFwe4iVCrKWU2cCTItnRsYsCdxAMm9NF6twAA9BKnoqy4hqz4+azQ0JHuA26qiUKsf1XJ/v5A=="],

    "@img/sharp-libvips-linux-ppc64": ["@img/sharp-libvips-linux-ppc64@1.3.3", "", { "os": "linux", "cpu": "ppc64" }, "sha512-cdn1OvUBwsXhbC0zSzJnNzf5MZ/mTrobawDvNXBTxe8VtqKAm0sRuEY2Evzovb/w9JMk4TvRxqt1mekSuJz64w=="],

    "@img/sharp-libvips-linux-riscv64": ["@img/sharp-libvips-linux-riscv64@1.3.3", "", { "os": "linux", "cpu": "none" }, "sha512-HjPVx7yKz+0lqdhDlTw1tt90wamBoxhiXpvl1XZpJLiHH4RCJ5yDTqH+VlYPv2fwFs89JFw4c1IexYOcQUi4IQ=="],

    "@img/sharp-libvips-linux-s390x": ["@img/sharp-libvips-linux-s390x@1.3.3", "", { "os": "linux", "cpu": "s390x" }, "sha512-neWLh+3yCNThxnfy3c4BbVBeGgt9aftno+XbT56iK28RgeDs3UOFWviLWlUu0bArYVYJaFDK+RRohbicUNCm8Q=="],

    "@img/sharp-libvips-linux-x64": ["@img/sharp-libvips-linux-x64@1.3.3", "", { "os": "linux", "cpu": "x64" }, "sha512-4vKmvAst9nrowcqquKFAyZJUDolUaIp8uRiN0mWFguJ1IplC9/pitXtlnnlU4aa/eJw3J7i67V+pwUL+wZGdsA=="],

    "@img/sharp-libvips-linuxmusl-arm64": ["@img/sharp-libvips-linuxmusl-arm64@1.3.3", "", { "os": "linux", "cpu": "arm64" }, "sha512-Y9kQaLMuNoB0bPYOOdcZMaseNrFpPodIWWMrx+CZyydf2xn68j9WYc6sWWRrDwNkzCQjKYfc68L7jKjGlHMibw=="],

    "@img/sharp-libvips-linuxmusl-x64": ["@img/sharp-libvips-linuxmusl-x64@1.3.3", "", { "os": "linux", "cpu": "x64" }, "sha512-fj8Mv0HHfD1Rr+4I68+3agJynxDWtBFgicTbSOb9Bke6pIwzGcJ+RX/yHjmiEGFMCavY/dxvem7MyNaJF+wDiw=="],

    "@img/sharp-linux-arm": ["@img/sharp-linux-arm@0.35.4", "", { "optionalDependencies": { "@img/sharp-libvips-linux-arm": "1.3.3" }, "os": "linux", "cpu": "arm" }, "sha512-7OAS8gI0EReKGVN2HssHlM6umJgxF5VI3xN0p9FA91p/YO+ou5hiNghLdZ5BEHztwaaK5+bLKRf8x/o2L2nk9A=="],

    "@img/sharp-linux-arm64": ["@img/sharp-linux-arm64@0.35.4", "", { "optionalDependencies": { "@img/sharp-libvips-linux-arm64": "1.3.3" }, "os": "linux", "cpu": "arm64" }, "sha512-De4jpEnAU8Hd5oT0j1G3uL4ZvTuipVMn7YC6vPaJhy6/7EwEae0SVAoBrUMYQbkLGDm85taVWwuPc1a44LTzCQ=="],

    "@img/sharp-linux-ppc64": ["@img/sharp-linux-ppc64@0.35.4", "", { "optionalDependencies": { "@img/sharp-libvips-linux-ppc64": "1.3.3" }, "os": "linux", "cpu": "ppc64" }, "sha512-2oYZJeIl4kCcMGk4ouZVjnkCtFrpQFlNEtJ6GbxzhHQchwH0NH/qEb9ykmOl29dqwMq+JhFdZn+1ak2FKhI9fQ=="],

    "@img/sharp-linux-riscv64": ["@img/sharp-linux-riscv64@0.35.4", "", { "optionalDependencies": { "@img/sharp-libvips-linux-riscv64": "1.3.3" }, "os": "linux", "cpu": "none" }, "sha512-cPbNChoRURAWdebDIHSenxRpgEdy7JkPydSnUxRm9VvKD7m0/xVaR/8Fzlu81pk5nHEvHH87UZUA7cTtwnbJSA=="],

    "@img/sharp-linux-s390x": ["@img/sharp-linux-s390x@0.35.4", "", { "optionalDependencies": { "@img/sharp-libvips-linux-s390x": "1.3.3" }, "os": "linux", "cpu": "s390x" }, "sha512-RY0JFY8Fd6RonCBtHz+DvadaPkXDSI1AUn6yWL9TipqkZ1vY8w8evqdgyDFnkm4/K1ve1TvZiaePP5oSd4+WVQ=="],

    "@img/sharp-linux-x64": ["@img/sharp-linux-x64@0.35.4", "", { "optionalDependencies": { "@img/sharp-libvips-linux-x64": "1.3.3" }, "os": "linux", "cpu": "x64" }, "sha512-9qvvEAuk8k89TfWUoX2htWjbAMX8p+NxCppjpcg5k6xMsjhBQPTsoIh36h9Qde4WRuGpJeYnOjdosDn/cnv+OA=="],

    "@img/sharp-linuxmusl-arm64": ["@img/sharp-linuxmusl-arm64@0.35.4", "", { "optionalDependencies": { "@img/sharp-libvips-linuxmusl-arm64": "1.3.3" }, "os": "linux", "cpu": "arm64" }, "sha512-KB5jxpfWQTr0nc3xdHtWChdbifHrBGsd2SM62Eyxrl8afikm+f5qGBU75SJIZBT/S1MC8XyacdlXBMSWq6OURA=="],

    "@img/sharp-linuxmusl-x64": ["@img/sharp-linuxmusl-x64@0.35.4", "", { "optionalDependencies": { "@img/sharp-libvips-linuxmusl-x64": "1.3.3" }, "os": "linux", "cpu": "x64" }, "sha512-f+eZJZIQNEEd26RPSW+76chwOf1XtA2Y/O+5ocVyLliHkeih3e+jhLVBdNTd2rS3IbNXK8+ug93Vf5ZXtF5Lxg=="],

    "@img/sharp-wasm32": ["@img/sharp-wasm32@0.35.4", "", { "dependencies": { "@emnapi/runtime": "^1.11.3" } }, "sha512-zQnl4Kwp7Q6NHsENtU2T/00Zi+w3AQNwz3+UaTyVBy2FpXrzXzGjndpK61onhZjRtRpQXxCTeqw19bVyXOh7jA=="],

    "@img/sharp-webcontainers-wasm32": ["@img/sharp-webcontainers-wasm32@0.35.4", "", { "dependencies": { "@img/sharp-wasm32": "0.35.4" }, "cpu": "none" }, "sha512-ESfNkywmCfPNyaZjxooddJQiQ+l/nTpGEOGthxiLnIHXC/CmcBixnfwUleX9mCz9ovrUUvKMap/pm8RYbzfwaA=="],

    "@img/sharp-win32-arm64": ["@img/sharp-win32-arm64@0.35.4", "", { "os": "win32", "cpu": "arm64" }, "sha512-iNdlBX9gLVvqe2I3uIJSIKTq6wckP/DYxZtcqxm09x5Gi24DnFBmPAWZmr60ZyYMG0xlzo6goG3670ar+RXvRw=="],

    "@img/sharp-win32-ia32": ["@img/sharp-win32-ia32@0.35.4", "", { "os": "win32", "cpu": "ia32" }, "sha512-kqRsbaa5CS6KHlpxnN7WhE6vAAugXyZButpRdvDWetlv6Qv4N9WTcrWzF7tXfB9T7MsoadqdI8hmwLq6UlLvtw=="],

    "@img/sharp-win32-x64": ["@img/sharp-win32-x64@0.35.4", "", { "os": "win32", "cpu": "x64" }, "sha512-XtmnYhBcrORsJ4XJngyzr/EWP0hRZLAZRFaApdKuviyqF78+ylxh2y06ZmtULAMOnObJ3ucpN0AcwSWnMowTRg=="],

    "@isaacs/fs-minipass": ["@isaacs/fs-minipass@4.0.1", "", { "dependencies": { "minipass": "^7.0.4" } }, "sha512-wgm9Ehl2jpeqP3zw/7mo3kRHFp5MEDhqAdwy1fTGkHAwnkGOVsgpvQhL8B5n1qlb01jV3n/bI0ZfZp5lWA1k4w=="],

    "@jridgewell/gen-mapping": ["@jridgewell/gen-mapping@0.3.13", "", { "dependencies": { "@jridgewell/sourcemap-codec": "^1.5.0", "@jridgewell/trace-mapping": "^0.3.24" } }, "sha512-2kkt/7niJ6MgEPxF0bYdQ6etZaA+fQvDcLKckhy1yIQOzaoKjBBjSj63/aLVjYE3qhRt5dvM+uUyfCg6UKCBbA=="],

    "@jridgewell/remapping": ["@jridgewell/remapping@2.3.5", "", { "dependencies": { "@jridgewell/gen-mapping": "^0.3.5", "@jridgewell/trace-mapping": "^0.3.24" } }, "sha512-LI9u/+laYG4Ds1TDKSJW2YPrIlcVYOwi2fUC6xB43lueCjgxV4lffOCZCtYFiH6TNOX+tQKXx97T4IKHbhyHEQ=="],

    "@jridgewell/resolve-uri": ["@jridgewell/resolve-uri@3.1.2", "", {}, "sha512-bRISgCIjP20/tbWSPWMEi54QVPRZExkuD9lJL+UIxUKtwVJA8wW1Trb1jMs1RFXo1CBTNZ/5hpC9QvmKWdopKw=="],

    "@jridgewell/sourcemap-codec": ["@jridgewell/sourcemap-codec@1.5.5", "", {}, "sha512-cYQ9310grqxueWbl+WuIUIaiUaDcj7WOq5fVhEljNVgRfOUhY9fy2zTvfoqWsnebh8Sl70VScFbICvJnLKB0Og=="],

    "@jridgewell/trace-mapping": ["@jridgewell/trace-mapping@0.3.31", "", { "dependencies": { "@jridgewell/resolve-uri": "^3.1.0", "@jridgewell/sourcemap-codec": "^1.4.14" } }, "sha512-zzNR+SdQSDJzc8joaeP8QQoCQr8NuYx2dIIytl1QeBEZHJ9uW6hebsrYgbz8hJwUQao3TWCMtmfV8Nu1twOLAw=="],

    "@next/env": ["@next/env@16.3.4", "", {}, "sha512-cjWZnUUa6jZq2kFaNe/ZyJdZonOZ/QoN0Zka2nz/FLOrfx14pQuM9c5RaSVkWMqgdt4ksgPAMWPyHSs/CyV48Q=="],

    "@next/swc-darwin-arm64": ["@next/swc-darwin-arm64@16.3.4", "", { "os": "darwin", "cpu": "arm64" }, "sha512-iBr3I5LZNk5/bgl5//iTgD2tcym14MX0Xo7fD//u9dYAEgGzza1y9oywluPtf74YnOswVdH1908aK9xVz7zQTw=="],

    "@next/swc-darwin-x64": ["@next/swc-darwin-x64@16.3.4", "", { "os": "darwin", "cpu": "x64" }, "sha512-2dpiSyl2Jw/NrBPaU2MAKGSa+2MR82pJIn4Sm5Rjr+gxAeuh0z158Su3Z2O8zn7UNNq+ej4bToed6RcRN/Lydg=="],

    "@next/swc-linux-arm64-gnu": ["@next/swc-linux-arm64-gnu@16.3.4", "", { "os": "linux", "cpu": "arm64" }, "sha512-+t+U8HZT+fApePCS5h89CSH3datz29MkzyfCn+6fpsZBG/oiEOhINcb9rtkv6sdpToLGFn2e6146NzaKCXkqrA=="],

    "@next/swc-linux-arm64-musl": ["@next/swc-linux-arm64-musl@16.3.4", "", { "os": "linux", "cpu": "arm64" }, "sha512-mx03GNs1ocQA5JQ4FxDMmIsNkdrZh8cuezKCrId28e5/gIPU/l7Kcy2+vmCCzdjnnmXJy+iOAu+7K0QppO6Urg=="],

    "@next/swc-linux-x64-gnu": ["@next/swc-linux-x64-gnu@16.3.4", "", { "os": "linux", "cpu": "x64" }, "sha512-YIhGY6fSMfha52bnVxnzc9zaVBzJg+cqQTOD8tXIBSx4fuv0pVMxQTE0PaS59YhnMOiYiG09IMwxJAf/CFm/Dw=="],

    "@next/swc-linux-x64-musl": ["@next/swc-linux-x64-musl@16.3.4", "", { "os": "linux", "cpu": "x64" }, "sha512-+eaaX6axpDb0yF1GCpiERe6njplvdC+nks/fKfcHu3XPGRrald8P3/X7yv7QLdjA51knnxwl9pxdIJsg+w1L+Q=="],

    "@next/swc-win32-arm64-msvc": ["@next/swc-win32-arm64-msvc@16.3.4", "", { "os": "win32", "cpu": "arm64" }, "sha512-0jcXW7Xs/uzICrmgV3MhDYDeRy++1CqnpDIerlPIqYO4bhzB4WNbX/aRnQclustsAyTkFKB0z6rbcjmNg5tR8A=="],

    "@next/swc-win32-x64-msvc": ["@next/swc-win32-x64-msvc@16.3.4", "", { "os": "win32", "cpu": "x64" }, "sha512-vvBzwu1pYQCp92maZCFCIw/XgOTMR5tur9GjakwIo2cmwRTMKajRZZDS9+e4KsUZWKu1E007WUeAFXRRjZeuzw=="],

    "@radix-ui/react-compose-refs": ["@radix-ui/react-compose-refs@1.1.2", "", { "peerDependencies": { "@types/react": "*", "react": "^16.8 || ^17.0 || ^18.0 || ^19.0 || ^19.0.0-rc" } }, "sha512-z4eqJvfiNnFMHIIvXP3CY57y2WJs5g2v3X0zm9mEJkrkNv4rDxu+sg9Jh8EkXyeqBkB7SOcboo9dMVqhyrACIg=="],

    "@radix-ui/react-slot": ["@radix-ui/react-slot@1.2.3", "", { "dependencies": { "@radix-ui/react-compose-refs": "1.1.2" }, "peerDependencies": { "@types/react": "*", "react": "^16.8 || ^17.0 || ^18.0 || ^19.0 || ^19.0.0-rc" } }, "sha512-aeNmHnBxbi2St0au6VBVC7JXFlhLlOnvIIlePNniyUNAClzmtAUEY8/pBiK3iHjufOlwA+c20/8jngo7xcrg8A=="],

    "@swc/helpers": ["@swc/helpers@0.5.23", "", { "dependencies": { "tslib": "^2.8.0" } }, "sha512-5lSsMOTXURePglDfvuAQUqkGek9Hg2kksOYay2m0+XR++b2NWYL/4sWyuvVBIs8oKnJaxkdi9whaL/sqN13afw=="],

    "@tailwindcss/node": ["@tailwindcss/node@4.1.13", "", { "dependencies": { "@jridgewell/remapping": "^2.3.4", "enhanced-resolve": "^5.18.3", "jiti": "^2.5.1", "lightningcss": "1.30.1", "magic-string": "^0.30.18", "source-map-js": "^1.2.1", "tailwindcss": "4.1.13" } }, "sha512-eq3ouolC1oEFOAvOMOBAmfCIqZBJuvWvvYWh5h5iOYfe1HFC6+GZ6EIL0JdM3/niGRJmnrOc+8gl9/HGUaaptw=="],

    "@tailwindcss/oxide": ["@tailwindcss/oxide@4.1.13", "", { "dependencies": { "detect-libc": "^2.0.4", "tar": "^7.4.3" }, "optionalDependencies": { "@tailwindcss/oxide-android-arm64": "4.1.13", "@tailwindcss/oxide-darwin-arm64": "4.1.13", "@tailwindcss/oxide-darwin-x64": "4.1.13", "@tailwindcss/oxide-freebsd-x64": "4.1.13", "@tailwindcss/oxide-linux-arm-gnueabihf": "4.1.13", "@tailwindcss/oxide-linux-arm64-gnu": "4.1.13", "@tailwindcss/oxide-linux-arm64-musl": "4.1.13", "@tailwindcss/oxide-linux-x64-gnu": "4.1.13", "@tailwindcss/oxide-linux-x64-musl": "4.1.13", "@tailwindcss/oxide-wasm32-wasi": "4.1.13", "@tailwindcss/oxide-win32-arm64-msvc": "4.1.13", "@tailwindcss/oxide-win32-x64-msvc": "4.1.13" } }, "sha512-CPgsM1IpGRa880sMbYmG1s4xhAy3xEt1QULgTJGQmZUeNgXFR7s1YxYygmJyBGtou4SyEosGAGEeYqY7R53bIA=="],

    "@tailwindcss/oxide-android-arm64": ["@tailwindcss/oxide-android-arm64@4.1.13", "", { "os": "android", "cpu": "arm64" }, "sha512-BrpTrVYyejbgGo57yc8ieE+D6VT9GOgnNdmh5Sac6+t0m+v+sKQevpFVpwX3pBrM2qKrQwJ0c5eDbtjouY/+ew=="],

    "@tailwindcss/oxide-darwin-arm64": ["@tailwindcss/oxide-darwin-arm64@4.1.13", "", { "os": "darwin", "cpu": "arm64" }, "sha512-YP+Jksc4U0KHcu76UhRDHq9bx4qtBftp9ShK/7UGfq0wpaP96YVnnjFnj3ZFrUAjc5iECzODl/Ts0AN7ZPOANQ=="],

    "@tailwindcss/oxide-darwin-x64": ["@tailwindcss/oxide-darwin-x64@4.1.13", "", { "os": "darwin", "cpu": "x64" }, "sha512-aAJ3bbwrn/PQHDxCto9sxwQfT30PzyYJFG0u/BWZGeVXi5Hx6uuUOQEI2Fa43qvmUjTRQNZnGqe9t0Zntexeuw=="],

    "@tailwindcss/oxide-freebsd-x64": ["@tailwindcss/oxide-freebsd-x64@4.1.13", "", { "os": "freebsd", "cpu": "x64" }, "sha512-Wt8KvASHwSXhKE/dJLCCWcTSVmBj3xhVhp/aF3RpAhGeZ3sVo7+NTfgiN8Vey/Fi8prRClDs6/f0KXPDTZE6nQ=="],

    "@tailwindcss/oxide-linux-arm-gnueabihf": ["@tailwindcss/oxide-linux-arm-gnueabihf@4.1.13", "", { "os": "linux", "cpu": "arm" }, "sha512-mbVbcAsW3Gkm2MGwA93eLtWrwajz91aXZCNSkGTx/R5eb6KpKD5q8Ueckkh9YNboU8RH7jiv+ol/I7ZyQ9H7Bw=="],

    "@tailwindcss/oxide-linux-arm64-gnu": ["@tailwindcss/oxide-linux-arm64-gnu@4.1.13", "", { "os": "linux", "cpu": "arm64" }, "sha512-wdtfkmpXiwej/yoAkrCP2DNzRXCALq9NVLgLELgLim1QpSfhQM5+ZxQQF8fkOiEpuNoKLp4nKZ6RC4kmeFH0HQ=="],

    "@tailwindcss/oxide-linux-arm64-musl": ["@tailwindcss/oxide-linux-arm64-musl@4.1.13", "", { "os": "linux", "cpu": "arm64" }, "sha512-hZQrmtLdhyqzXHB7mkXfq0IYbxegaqTmfa1p9MBj72WPoDD3oNOh1Lnxf6xZLY9C3OV6qiCYkO1i/LrzEdW2mg=="],

    "@tailwindcss/oxide-linux-x64-gnu": ["@tailwindcss/oxide-linux-x64-gnu@4.1.13", "", { "os": "linux", "cpu": "x64" }, "sha512-uaZTYWxSXyMWDJZNY1Ul7XkJTCBRFZ5Fo6wtjrgBKzZLoJNrG+WderJwAjPzuNZOnmdrVg260DKwXCFtJ/hWRQ=="],

    "@tailwindcss/oxide-linux-x64-musl": ["@tailwindcss/oxide-linux-x64-musl@4.1.13", "", { "os": "linux", "cpu": "x64" }, "sha512-oXiPj5mi4Hdn50v5RdnuuIms0PVPI/EG4fxAfFiIKQh5TgQgX7oSuDWntHW7WNIi/yVLAiS+CRGW4RkoGSSgVQ=="],

    "@tailwindcss/oxide-wasm32-wasi": ["@tailwindcss/oxide-wasm32-wasi@4.1.13", "", { "cpu": "none" }, "sha512-+LC2nNtPovtrDwBc/nqnIKYh/W2+R69FA0hgoeOn64BdCX522u19ryLh3Vf3F8W49XBcMIxSe665kwy21FkhvA=="],

    "@tailwindcss/oxide-win32-arm64-msvc": ["@tailwindcss/oxide-win32-arm64-msvc@4.1.13", "", { "os": "win32", "cpu": "arm64" }, "sha512-dziTNeQXtoQ2KBXmrjCxsuPk3F3CQ/yb7ZNZNA+UkNTeiTGgfeh+gH5Pi7mRncVgcPD2xgHvkFCh/MhZWSgyQg=="],

    "@tailwindcss/oxide-win32-x64-msvc": ["@tailwindcss/oxide-win32-x64-msvc@4.1.13", "", { "os": "win32", "cpu": "x64" }, "sha512-3+LKesjXydTkHk5zXX01b5KMzLV1xl2mcktBJkje7rhFUpUlYJy7IMOLqjIRQncLTa1WZZiFY/foAeB5nmaiTw=="],

    "@tailwindcss/postcss": ["@tailwindcss/postcss@4.1.13", "", { "dependencies": { "@alloc/quick-lru": "^5.2.0", "@tailwindcss/node": "4.1.13", "@tailwindcss/oxide": "4.1.13", "postcss": "^8.4.41", "tailwindcss": "4.1.13" } }, "sha512-HLgx6YSFKJT7rJqh9oJs/TkBFhxuMOfUKSBEPYwV+t78POOBsdQ7crhZLzwcH3T0UyUuOzU/GK5pk5eKr3wCiQ=="],

    "@types/node": ["@types/node@20.19.13", "", { "dependencies": { "undici-types": "~6.21.0" } }, "sha512-yCAeZl7a0DxgNVteXFHt9+uyFbqXGy/ShC4BlcHkoE0AfGXYv/BUiplV72DjMYXHDBXFjhvr6DD1NiRVfB4j8g=="],

    "@types/react": ["@types/react@19.1.12", "", { "dependencies": { "csstype": "^3.0.2" } }, "sha512-cMoR+FoAf/Jyq6+Df2/Z41jISvGZZ2eTlnsaJRptmZ76Caldwy1odD4xTr/gNV9VLj0AWgg/nmkevIyUfIIq5w=="],

    "@types/react-dom": ["@types/react-dom@19.1.9", "", { "peerDependencies": { "@types/react": "^19.0.0" } }, "sha512-qXRuZaOsAdXKFyOhRBg6Lqqc0yay13vN7KrIg4L7N4aaHN68ma9OK3NE1BoDFgFOTfM7zg+3/8+2n8rLUH3OKQ=="],

    "baseline-browser-mapping": ["baseline-browser-mapping@2.11.21", "", { "bin": { "baseline-browser-mapping": "dist/cli.cjs" } }, "sha512-uh8vpY/1/YyFkunIDFH/12p7/7VdPKA1hejMVEbdkEaWnUz0Hesvx5EbiU6XxjyHZIOju+ZMbQJkRh+es3/spQ=="],

    "caniuse-lite": ["caniuse-lite@1.0.30001741", "", {}, "sha512-QGUGitqsc8ARjLdgAfxETDhRbJ0REsP6O3I96TAth/mVjh2cYzN2u+3AzPP3aVSm2FehEItaJw1xd+IGBXWeSw=="],

    "chownr": ["chownr@3.0.0", "", {}, "sha512-+IxzY9BZOQd/XuYPRmrvEVjF/nqj5kgT4kEq7VofrDoM1MxoRjEWkrCC3EtLi59TVawxTAn+orJwFQcrqEN1+g=="],

    "class-variance-authority": ["class-variance-authority@0.7.1", "", { "dependencies": { "clsx": "^2.1.1" } }, "sha512-Ka+9Trutv7G8M6WT6SeiRWz792K5qEqIGEGzXKhAE6xOWAY6pPH8U+9IY3oCMv6kqTmLsv7Xh/2w2RigkePMsg=="],

    "client-only": ["client-only@0.0.1", "", {}, "sha512-IV3Ou0jSMzZrd3pZ48nLkT9DA7Ag1pnPzaiQhpW7c3RbcqqzvzzVu+L8gfqMp/8IM2MQtSiqaCxrrcfu8I8rMA=="],

    "clsx": ["clsx@2.1.1", "", {}, "sha512-eYm0QWBtUrBWZWG0d386OGAw16Z995PiOVo2B7bjWSbHedGl5e0ZWaq65kOGgUSNesEIDkB9ISbTg/JK9dhCZA=="],

    "csstype": ["csstype@3.1.3", "", {}, "sha512-M1uQkMl8rQK/szD0LNhtqxIPLpimGm8sOBwU7lLnCpSbTyY3yeU1Vc7l4KT5zT4s/yOxHH5O7tIuuLOCnLADRw=="],

    "detect-libc": ["detect-libc@2.0.4", "", {}, "sha512-3UDv+G9CsCKO1WKMGw9fwq/SWJYbI0c5Y7LU1AXYoDdbhE2AHQ6N6Nb34sG8Fj7T5APy8qXDCKuuIHd1BR0tVA=="],

    "enhanced-resolve": ["enhanced-resolve@5.18.3", "", { "dependencies": { "graceful-fs": "^4.2.4", "tapable": "^2.2.0" } }, "sha512-d4lC8xfavMeBjzGr2vECC3fsGXziXZQyJxD868h2M/mBI3PwAuODxAkLkq5HYuvrPYcUtiLzsTo8U3PgX3Ocww=="],

    "graceful-fs": ["graceful-fs@4.2.11", "", {}, "sha512-RbJ5/jmFcNNCcDV5o9eTnBLJ/HszWV0P73bc+Ff4nS/rJj+YaS6IGyiOL0VoBYX+l1Wrl3k63h/KrH+nhJ0XvQ=="],

    "jiti": ["jiti@2.5.1", "", { "bin": "lib/jiti-cli.mjs" }, "sha512-twQoecYPiVA5K/h6SxtORw/Bs3ar+mLUtoPSc7iMXzQzK8d7eJ/R09wmTwAjiamETn1cXYPGfNnu7DMoHgu12w=="],

    "lightningcss": ["lightningcss@1.30.1", "", { "dependencies": { "detect-libc": "^2.0.3" }, "optionalDependencies": { "lightningcss-darwin-arm64": "1.30.1", "lightningcss-darwin-x64": "1.30.1", "lightningcss-freebsd-x64": "1.30.1", "lightningcss-linux-arm-gnueabihf": "1.30.1", "lightningcss-linux-arm64-gnu": "1.30.1", "lightningcss-linux-arm64-musl": "1.30.1", "lightningcss-linux-x64-gnu": "1.30.1", "lightningcss-linux-x64-musl": "1.30.1", "lightningcss-win32-arm64-msvc": "1.30.1", "lightningcss-win32-x64-msvc": "1.30.1" } }, "sha512-xi6IyHML+c9+Q3W0S4fCQJOym42pyurFiJUHEcEyHS0CeKzia4yZDEsLlqOFykxOdHpNy0NmvVO31vcSqAxJCg=="],

    "lightningcss-darwin-arm64": ["lightningcss-darwin-arm64@1.30.1", "", { "os": "darwin", "cpu": "arm64" }, "sha512-c8JK7hyE65X1MHMN+Viq9n11RRC7hgin3HhYKhrMyaXflk5GVplZ60IxyoVtzILeKr+xAJwg6zK6sjTBJ0FKYQ=="],

    "lightningcss-darwin-x64": ["lightningcss-darwin-x64@1.30.1", "", { "os": "darwin", "cpu": "x64" }, "sha512-k1EvjakfumAQoTfcXUcHQZhSpLlkAuEkdMBsI/ivWw9hL+7FtilQc0Cy3hrx0AAQrVtQAbMI7YjCgYgvn37PzA=="],

    "lightningcss-freebsd-x64": ["lightningcss-freebsd-x64@1.30.1", "", { "os": "freebsd", "cpu": "x64" }, "sha512-kmW6UGCGg2PcyUE59K5r0kWfKPAVy4SltVeut+umLCFoJ53RdCUWxcRDzO1eTaxf/7Q2H7LTquFHPL5R+Gjyig=="],

    "lightningcss-linux-arm-gnueabihf": ["lightningcss-linux-arm-gnueabihf@1.30.1", "", { "os": "linux", "cpu": "arm" }, "sha512-MjxUShl1v8pit+6D/zSPq9S9dQ2NPFSQwGvxBCYaBYLPlCWuPh9/t1MRS8iUaR8i+a6w7aps+B4N0S1TYP/R+Q=="],

    "lightningcss-linux-arm64-gnu": ["lightningcss-linux-arm64-gnu@1.30.1", "", { "os": "linux", "cpu": "arm64" }, "sha512-gB72maP8rmrKsnKYy8XUuXi/4OctJiuQjcuqWNlJQ6jZiWqtPvqFziskH3hnajfvKB27ynbVCucKSm2rkQp4Bw=="],

    "lightningcss-linux-arm64-musl": ["lightningcss-linux-arm64-musl@1.30.1", "", { "os": "linux", "cpu": "arm64" }, "sha512-jmUQVx4331m6LIX+0wUhBbmMX7TCfjF5FoOH6SD1CttzuYlGNVpA7QnrmLxrsub43ClTINfGSYyHe2HWeLl5CQ=="],

    "lightningcss-linux-x64-gnu": ["lightningcss-linux-x64-gnu@1.30.1", "", { "os": "linux", "cpu": "x64" }, "sha512-piWx3z4wN8J8z3+O5kO74+yr6ze/dKmPnI7vLqfSqI8bccaTGY5xiSGVIJBDd5K5BHlvVLpUB3S2YCfelyJ1bw=="],

    "lightningcss-linux-x64-musl": ["lightningcss-linux-x64-musl@1.30.1", "", { "os": "linux", "cpu": "x64" }, "sha512-rRomAK7eIkL+tHY0YPxbc5Dra2gXlI63HL+v1Pdi1a3sC+tJTcFrHX+E86sulgAXeI7rSzDYhPSeHHjqFhqfeQ=="],

    "lightningcss-win32-arm64-msvc": ["lightningcss-win32-arm64-msvc@1.30.1", "", { "os": "win32", "cpu": "arm64" }, "sha512-mSL4rqPi4iXq5YVqzSsJgMVFENoa4nGTT/GjO2c0Yl9OuQfPsIfncvLrEW6RbbB24WtZ3xP/2CCmI3tNkNV4oA=="],

    "lightningcss-win32-x64-msvc": ["lightningcss-win32-x64-msvc@1.30.1", "", { "os": "win32", "cpu": "x64" }, "sha512-PVqXh48wh4T53F/1CCu8PIPCxLzWyCnn/9T5W1Jpmdy5h9Cwd+0YQS6/LwhHXSafuc61/xg9Lv5OrCby6a++jg=="],

    "lucide-react": ["lucide-react@0.544.0", "", { "peerDependencies": { "react": "^16.5.1 || ^17.0.0 || ^18.0.0 || ^19.0.0" } }, "sha512-t5tS44bqd825zAW45UQxpG2CvcC4urOwn2TrwSH8u+MjeE+1NnWl6QqeQ/6NdjMqdOygyiT9p3Ev0p1NJykxjw=="],

    "magic-string": ["magic-string@0.30.19", "", { "dependencies": { "@jridgewell/sourcemap-codec": "^1.5.5" } }, "sha512-2N21sPY9Ws53PZvsEpVtNuSW+ScYbQdp4b9qUaL+9QkHUrGFKo56Lg9Emg5s9V/qrtNBmiR01sYhUOwu3H+VOw=="],

    "minipass": ["minipass@7.1.2", "", {}, "sha512-qOOzS1cBTWYF4BH8fVePDBOO9iptMnGUEZwNc/cMWnTV2nVLZ7VoNWEPHkYczZA0pdoA7dl6e7FL659nX9S2aw=="],

    "minizlib": ["minizlib@3.0.2", "", { "dependencies": { "minipass": "^7.1.2" } }, "sha512-oG62iEk+CYt5Xj2YqI5Xi9xWUeZhDI8jjQmC5oThVH5JGCTgIjr7ciJDzC7MBzYd//WvR1OTmP5Q38Q8ShQtVA=="],

    "mkdirp": ["mkdirp@3.0.1", "", { "bin": "dist/cjs/src/bin.js" }, "sha512-+NsyUUAZDmo6YVHzL/stxSu3t9YS1iljliy3BSDrXJ/dkn1KYdmtZODGGjLcc9XLgVVpH4KshHB8XmZgMhaBXg=="],

    "nanoid": ["nanoid@3.3.11", "", { "bin": "bin/nanoid.cjs" }, "sha512-N8SpfPUnUp1bK+PMYW8qSWdl9U+wwNWI4QKxOYDy9JAro3WMX7p2OeVRF9v+347pnakNevPmiHhNmZ2HbFA76w=="],

    "next": ["next@16.3.4", "", { "dependencies": { "@next/env": "16.3.4", "@swc/helpers": "0.5.23", "baseline-browser-mapping": "^2.9.19", "caniuse-lite": "^1.0.30001579", "postcss": "8.5.23", "styled-jsx": "5.1.6" }, "optionalDependencies": { "@next/swc-darwin-arm64": "16.3.4", "@next/swc-darwin-x64": "16.3.4", "@next/swc-linux-arm64-gnu": "16.3.4", "@next/swc-linux-arm64-musl": "16.3.4", "@next/swc-linux-x64-gnu": "16.3.4", "@next/swc-linux-x64-musl": "16.3.4", "@next/swc-win32-arm64-msvc": "16.3.4", "@next/swc-win32-x64-msvc": "16.3.4", "sharp": "^0.35.4" }, "peerDependencies": { "@opentelemetry/api": "^1.1.0", "@playwright/test": "^1.51.1", "babel-plugin-react-compiler": "*", "react": "^18.2.0 || 19.0.0-rc-de68d2f4-20241204 || ^19.0.0", "react-dom": "^18.2.0 || 19.0.0-rc-de68d2f4-20241204 || ^19.0.0", "sass": "^1.3.0" }, "optionalPeers": ["@opentelemetry/api", "@playwright/test", "babel-plugin-react-compiler", "sass"], "bin": { "next": "dist/bin/next" } }, "sha512-/Ztf6CeRH+ejEXUrYtqI4gkS66eFIHuSwqi60RgcpWKodxFZx2/dqVCMKBwILfAHXQ+F1b1vAudgj3mnxqtoIA=="],

    "picocolors": ["picocolors@1.1.1", "", {}, "sha512-xceH2snhtb5M9liqDsmEw56le376mTZkEX/jEb/RxNFyegNul7eNslCXP9FDj/Lcu0X8KEyMceP2ntpaHrDEVA=="],

    "postcss": ["postcss@8.5.6", "", { "dependencies": { "nanoid": "^3.3.11", "picocolors": "^1.1.1", "source-map-js": "^1.2.1" } }, "sha512-3Ybi1tAuwAP9s0r1UQ2J4n5Y0G05bJkpUIO0/bI9MhwmD70S5aTWbXGBwxHrelT+XM1k6dM0pk+SwNkpTRN7Pg=="],

    "react": ["react@19.2.1", "", {}, "sha512-DGrYcCWK7tvYMnWh79yrPHt+vdx9tY+1gPZa7nJQtO/p8bLTDaHp4dzwEhQB7pZ4Xe3ok4XKuEPrVuc+wlpkmw=="],

    "react-dom": ["react-dom@19.2.1", "", { "dependencies": { "scheduler": "^0.27.0" }, "peerDependencies": { "react": "^19.2.1" } }, "sha512-ibrK8llX2a4eOskq1mXKu/TGZj9qzomO+sNfO98M6d9zIPOEhlBkMkBUBLd1vgS0gQsLDBzA+8jJBVXDnfHmJg=="],

    "scheduler": ["scheduler@0.27.0", "", {}, "sha512-eNv+WrVbKu1f3vbYJT/xtiF5syA5HPIMtf9IgY/nKg0sWqzAUEvqY/xm7OcZc/qafLx/iO9FgOmeSAp4v5ti/Q=="],

    "semver": ["semver@7.8.5", "", { "bin": { "semver": "bin/semver.js" } }, "sha512-Y7/KDsb8LjooZpwaqGyulO6DQlksgCncchHGk+sZIY4SBvUocMBEFH5Ur1fI4dV+Jvl0w6cjvucaIi40puRioA=="],

    "sharp": ["sharp@0.35.4", "", { "dependencies": { "@img/colour": "^1.1.0", "detect-libc": "^2.1.2", "semver": "^7.8.5" }, "optionalDependencies": { "@img/sharp-darwin-arm64": "0.35.4", "@img/sharp-darwin-x64": "0.35.4", "@img/sharp-freebsd-wasm32": "0.35.4", "@img/sharp-libvips-darwin-arm64": "1.3.3", "@img/sharp-libvips-darwin-x64": "1.3.3", "@img/sharp-libvips-linux-arm": "1.3.3", "@img/sharp-libvips-linux-arm64": "1.3.3", "@img/sharp-libvips-linux-ppc64": "1.3.3", "@img/sharp-libvips-linux-riscv64": "1.3.3", "@img/sharp-libvips-linux-s390x": "1.3.3", "@img/sharp-libvips-linux-x64": "1.3.3", "@img/sharp-libvips-linuxmusl-arm64": "1.3.3", "@img/sharp-libvips-linuxmusl-x64": "1.3.3", "@img/sharp-linux-arm": "0.35.4", "@img/sharp-linux-arm64": "0.35.4", "@img/sharp-linux-ppc64": "0.35.4", "@img/sharp-linux-riscv64": "0.35.4", "@img/sharp-linux-s390x": "0.35.4", "@img/sharp-linux-x64": "0.35.4", "@img/sharp-linuxmusl-arm64": "0.35.4", "@img/sharp-linuxmusl-x64": "0.35.4", "@img/sharp-webcontainers-wasm32": "0.35.4", "@img/sharp-win32-arm64": "0.35.4", "@img/sharp-win32-ia32": "0.35.4", "@img/sharp-win32-x64": "0.35.4" }, "peerDependencies": { "@types/node": "*" }, "optionalPeers": ["@types/node"] }, "sha512-n++8XWcj+jCOr2IOl7h8LbKnGBDY4aPbmprMONBNFdn0ImXqpGVv5zliDs0V9HbmbCQLpbuo2ej9rAoOQTvMDA=="],

    "source-map-js": ["source-map-js@1.2.1", "", {}, "sha512-UXWMKhLOwVKb728IUtQPXxfYU+usdybtUrK/8uGE8CQMvrhOpwvzDBwj0QhSL7MQc7vIsISBG8VQ8+IDQxpfQA=="],

    "styled-jsx": ["styled-jsx@5.1.6", "", { "dependencies": { "client-only": "0.0.1" }, "peerDependencies": { "react": ">= 16.8.0 || 17.x.x || ^18.0.0-0 || ^19.0.0-0" } }, "sha512-qSVyDTeMotdvQYoHWLNGwRFJHC+i+ZvdBRYosOFgC+Wg1vx4frN2/RG/NA7SYqqvKNLf39P2LSRA2pu6n0XYZA=="],

    "tailwind-merge": ["tailwind-merge@3.3.1", "", {}, "sha512-gBXpgUm/3rp1lMZZrM/w7D8GKqshif0zAymAhbCyIt8KMe+0v9DQ7cdYLR4FHH/cKpdTXb+A/tKKU3eolfsI+g=="],

    "tailwindcss": ["tailwindcss@4.1.13", "", {}, "sha512-i+zidfmTqtwquj4hMEwdjshYYgMbOrPzb9a0M3ZgNa0JMoZeFC6bxZvO8yr8ozS6ix2SDz0+mvryPeBs2TFE+w=="],

    "tapable": ["tapable@2.2.3", "", {}, "sha512-ZL6DDuAlRlLGghwcfmSn9sK3Hr6ArtyudlSAiCqQ6IfE+b+HHbydbYDIG15IfS5do+7XQQBdBiubF/cV2dnDzg=="],

    "tar": ["tar@7.4.3", "", { "dependencies": { "@isaacs/fs-minipass": "^4.0.0", "chownr": "^3.0.0", "minipass": "^7.1.2", "minizlib": "^3.0.1", "mkdirp": "^3.0.1", "yallist": "^5.0.0" } }, "sha512-5S7Va8hKfV7W5U6g3aYxXmlPoZVAwUMy9AOKyF2fVuZa2UD3qZjg578OrLRt8PcNN1PleVaL/5/yYATNL0ICUw=="],

    "tslib": ["tslib@2.8.1", "", {}, "sha512-oJFu94HQb+KVduSUQL7wnpmqnfmLsOA/nAh6b6EH0wCEoK0/mPeXU6c3wKDV83MkOuHPRHtSXKKU99IBazS/2w=="],

    "typescript": ["typescript@5.9.2", "", { "bin": { "tsc": "bin/tsc", "tsserver": "bin/tsserver" } }, "sha512-CWBzXQrc/qOkhidw1OzBTQuYRbfyxDXJMVJ1XNwUHGROVmuaeiEm3OslpZ1RV96d7SKKjZKrSJu3+t/xlw3R9A=="],

    "undici-types": ["undici-types@6.21.0", "", {}, "sha512-iwDZqg0QAGrg9Rav5H4n0M64c3mkR59cJ6wQp+7C4nI0gsmExaedaYLNO44eT4AtBBwjbTiGPMlt2Md0T9H9JQ=="],

    "yallist": ["yallist@5.0.0", "", {}, "sha512-YgvUTfwqyc7UXVMrB+SImsVYSmTS8X/tSrtdNZMImM+n7+QTriRXyXim0mBrTXNeqzVF0KWGgHPeiyViFFrNDw=="],

    "next/postcss": ["postcss@8.5.23", "", { "dependencies": { "nanoid": "^3.3.16", "picocolors": "^1.1.1", "source-map-js": "^1.2.1" } }, "sha512-g50586zr4bZmwFiTlflMu8E0bDTb5I5gertgwAKmsdUlTQIhZtunzUlD1WSzwcVWPoAVpsrA6vlfCD7oXvRwgg=="],

    "sharp/detect-libc": ["detect-libc@2.1.2", "", {}, "sha512-Btj2BOOO83o3WyH59e8MgXsxEQVcarkUOpEYrubB0urwnN10yQ364rsiByU11nZlqWYZm05i/of7io4mzihBtQ=="],

    "next/postcss/nanoid": ["nanoid@3.3.18", "", { "bin": { "nanoid": "bin/nanoid.cjs" } }, "sha512-DTg4MJbGMWkfi6VZFdNt2/caMbQy4Ou+Op/hJQvGEWcnVfoA1QA+xzRKAzw9jD6+GVOOeYr/mIcuDSdug6F6+w=="],
  }
}
